
Microsoft Visual Studio Solution File, Format Version 12.00
# Visual Studio Version 17
VisualStudioVersion = 17.14.36203.30 d17.14
MinimumVisualStudioVersion = 10.0.40219.1
Project("{FAE04EC0-301F-11D3-BF4B-00C04F79EFBC}") = "countdown_timer", "countdown_timer\countdown_timer.csproj", "{B8751F03-6902-4963-BC04-7A30A948406A}"
EndProject
Global
	GlobalSection(SolutionConfigurationPlatforms) = preSolution
		Debug|Any CPU = Debug|Any CPU
		Release|Any CPU = Release|Any CPU
	EndGlobalSection
	GlobalSection(ProjectConfigurationPlatforms) = postSolution
		{B8751F03-6902-4963-BC04-7A30A948406A}.Debug|Any CPU.ActiveCfg = Debug|Any CPU
		{B8751F03-6902-4963-BC04-7A30A948406A}.Debug|Any CPU.Build.0 = Debug|Any CPU
		{B8751F03-6902-4963-BC04-7A30A948406A}.Release|Any CPU.ActiveCfg = Release|Any CPU
		{B8751F03-6902-4963-BC04-7A30A948406A}.Release|Any CPU.Build.0 = Release|Any CPU
	EndGlobalSection
	GlobalSection(SolutionProperties) = preSolution
		HideSolutionNode = FALSE
	EndGlobalSection
	GlobalSection(ExtensibilityGlobals) = postSolution
		SolutionGuid = {57C27E50-BB04-4613-B070-649A9E47F48D}
	EndGlobalSection
EndGlobal
